{
  "STEWARD.md": "347e31ec0817065512c4b88abd865e19b56d13067d443de5bddd8151e5d0baef",
  "_templates/req.md": "4962f7098c18a614f2bb0c740e1615c2e9255afc71ddc2a99349281add9a2e70",
  "advance": "b9ba643982159888d2dd1f4d69e94f6d4374fdf288a3a7c6b58470f3dad92d23",
  "bootstrap": "a4c8373ba341b46ae6450c8cb5efc407b626bce67dcb3289f33a8c5e0b1de2d6",
  "intake": "73e6b5ab6ed98a1d18b289032260a5edd60be772047cee165dae400498ce7a5a",
  "system-test": "7b2e27b962827aced12787067b291e342b7c256df5eaee56463b1b9a2986f9dc"
}
