{
  "STEWARD.md": "bf075afb33fe3de816a201d222497b7a10d2fc4937e3ea216f3405833deadd5b",
  "advance": "e72bb5067a2774fd754bdc7633537cf3038f15b9edc818e0a94782069a95ce37",
  "bootstrap": "fb8d462a198c9e9df499554ae188378e1de3b311b579b43a0e41fca795cfc487",
  "intake": "a7be09b769aa8915839a347e1c6b49c8996ddb3a790d68de40c9dcc05af413a0",
  "onboard": "2e1fdddb8961b5deb1dc8ea2340846588ee97d1ac47aeb28470fbd1c73837f93",
  "system-test": "38ca720843d1603ef4af340f0f7f2b9b947a8e8c762dba671cb52953db65ffea"
}
