{
  "STEWARD.md": "b78ef873f8cfbf24d488b2c7c64efd3f73149445d765a2b4f5fbdb24d2d5f29b",
  "_templates/req.md": "e9466ea5d0d67d65b57db9854f214c45b87faf533b3c2c9cfda3f95d5279743f",
  "advance": "b9ba643982159888d2dd1f4d69e94f6d4374fdf288a3a7c6b58470f3dad92d23",
  "bootstrap": "490d1e8d0c5afca1d7f86dc6f529687baed3391f6e79d0ca81d1f3d683eecdd2",
  "intake": "60d43059ddeae69ee89873e65fe0df08cee61cf4c645569b8a1d9a2db0a6bd20",
  "system-test": "7b2e27b962827aced12787067b291e342b7c256df5eaee56463b1b9a2986f9dc"
}
